// !$*UTF8*$!
{
	archiveVersion = 1;
	classes = {
	};
	objectVersion = 50;
	objects = {

/* Begin PBXBuildFile section */
		63BB3F60234CC12600755ED2 /* AppDelegate.swift in Sources */ = {isa = PBXBuildFile; fileRef = 63BB3F5F234CC12600755ED2 /* AppDelegate.swift */; };
		63BB3F62234CC12600755ED2 /* ViewController.swift in Sources */ = {isa = PBXBuildFile; fileRef = 63BB3F61234CC12600755ED2 /* ViewController.swift */; };
		63BB3F65234CC12600755ED2 /* Main.storyboard in Resources */ = {isa = PBXBuildFile; fileRef = 63BB3F63234CC12600755ED2 /* Main.storyboard */; };
		63BB3F67234CC12800755ED2 /* Assets.xcassets in Resources */ = {isa = PBXBuildFile; fileRef = 63BB3F66234CC12800755ED2 /* Assets.xcassets */; };
		63BB3F6A234CC12800755ED2 /* LaunchScreen.storyboard in Resources */ = {isa = PBXBuildFile; fileRef = 63BB3F68234CC12800755ED2 /* LaunchScreen.storyboard */; };
		63BB3F72234CC15F00755ED2 /* UseDefaults.swift in Sources */ = {isa = PBXBuildFile; fileRef = 63BB3F71234CC15F00755ED2 /* UseDefaults.swift */; };
/* End PBXBuildFile section */

/* Begin PBXFileReference section */
		63BB3F5C234CC12600755ED2 /* HW_3_Generic_and_Errors.app */ = {isa = PBXFileReference; explicitFileType = wrapper.application; includeInIndex = 0; path = HW_3_Generic_and_Errors.app; sourceTree = BUILT_PRODUCTS_DIR; };
		63BB3F5F234CC12600755ED2 /* AppDelegate.swift */ = {isa = PBXFileReference; lastKnownFileType = sourcecode.swift; path = AppDelegate.swift; sourceTree = "<group>"; };
		63BB3F61234CC12600755ED2 /* ViewController.swift */ = {isa = PBXFileReference; lastKnownFileType = sourcecode.swift; path = ViewController.swift; sourceTree = "<group>"; };
		63BB3F64234CC12600755ED2 /* Base */ = {isa = PBXFileReference; lastKnownFileType = file.storyboard; name = Base; path = Base.lproj/Main.storyboard; sourceTree = "<group>"; };
		63BB3F66234CC12800755ED2 /* Assets.xcassets */ = {isa = PBXFileReference; lastKnownFileType = folder.assetcatalog; path = Assets.xcassets; sourceTree = "<group>"; };
		63BB3F69234CC12800755ED2 /* Base */ = {isa = PBXFileReference; lastKnownFileType = file.storyboard; name = Base; path = Base.lproj/LaunchScreen.storyboard; sourceTree = "<group>"; };
		63BB3F6B234CC12800755ED2 /* Info.plist */ = {isa = PBXFileReference; lastKnownFileType = text.plist.xml; path = Info.plist; sourceTree = "<group>"; };
		63BB3F71234CC15F00755ED2 /* UseDefaults.swift */ = {isa = PBXFileReference; lastKnownFileType = sourcecode.swift; path = UseDefaults.swift; sourceTree = "<group>"; };
/* End PBXFileReference section */

/* Begin PBXFrameworksBuildPhase section */
		63BB3F59234CC12600755ED2 /* Frameworks */ = {
			isa = PBXFrameworksBuildPhase;
			buildActionMask = 2147483647;
			files = (
			);
			runOnlyForDeploymentPostprocessing = 0;
		};
/* End PBXFrameworksBuildPhase section */

/* Begin PBXGroup section */
		63BB3F53234CC12600755ED2 = {
			isa = PBXGroup;
			children = (
				63BB3F5E234CC12600755ED2 /* HW_3_Generic_and_Errors */,
				63BB3F5D234CC12600755ED2 /* Products */,
			);
			sourceTree = "<group>";
		};
		63BB3F5D234CC12600755ED2 /* Products */ = {
			isa = PBXGroup;
			children = (
				63BB3F5C234CC12600755ED2 /* HW_3_Generic_and_Errors.app */,
			);
			name = Products;
			sourceTree = "<group>";
		};
		63BB3F5E234CC12600755ED2 /* HW_3_Generic_and_Errors */ = {
			isa = PBXGroup;
			children = (
				63BB3F5F234CC12600755ED2 /* AppDelegate.swift */,
				63BB3F61234CC12600755ED2 /* ViewController.swift */,
				63BB3F71234CC15F00755ED2 /* UseDefaults.swift */,
				63BB3F63234CC12600755ED2 /* Main.storyboard */,
				63BB3F66234CC12800755ED2 /* Assets.xcassets */,
				63BB3F68234CC12800755ED2 /* LaunchScreen.storyboard */,
				63BB3F6B234CC12800755ED2 /* Info.plist */,
			);
			path = HW_3_Generic_and_Errors;
			sourceTree = "<group>";
		};
/* End PBXGroup section */

/* Begin PBXNativeTarget section */
		63BB3F5B234CC12600755ED2 /* HW_3_Generic_and_Errors */ = {
			isa = PBXNativeTarget;
			buildConfigurationList = 63BB3F6E234CC12800755ED2 /* Build configuration list for PBXNativeTarget "HW_3_Generic_and_Errors" */;
			buildPhases = (
				63BB3F58234CC12600755ED2 /* Sources */,
				63BB3F59234CC12600755ED2 /* Frameworks */,
				63BB3F5A234CC12600755ED2 /* Resources */,
			);
			buildRules = (
			);
			dependencies = (
			);
			name = HW_3_Generic_and_Errors;
			productName = HW_3_Generic_and_Errors;
			productReference = 63BB3F5C234CC12600755ED2 /* HW_3_Generic_and_Errors.app */;
			productType = "com.apple.product-type.application";
		};
/* End PBXNativeTarget section */

/* Begin PBXProject section */
		63BB3F54234CC12600755ED2 /* Project object */ = {
			isa = PBXProject;
			attributes = {
				LastSwiftUpdateCheck = 1030;
				LastUpgradeCheck = 1030;
				ORGANIZATIONNAME = David;
				TargetAttributes = {
					63BB3F5B234CC12600755ED2 = {
						CreatedOnToolsVersion = 10.3;
					};
				};
			};
			buildConfigurationList = 63BB3F57234CC12600755ED2 /* Build configuration list for PBXProject "HW_3_Generic_and_Errors" */;
			compatibilityVersion = "Xcode 9.3";
			developmentRegion = en;
			hasScannedForEncodings = 0;
			knownRegions = (
				en,
				Base,
			);
			mainGroup = 63BB3F53234CC12600755ED2;
			productRefGroup = 63BB3F5D234CC12600755ED2 /* Products */;
			projectDirPath = "";
			projectRoot = "";
			targets = (
				63BB3F5B234CC12600755ED2 /* HW_3_Generic_and_Errors */,
			);
		};
/* End PBXProject section */

/* Begin PBXResourcesBuildPhase section */
		63BB3F5A234CC12600755ED2 /* Resources */ = {
			isa = PBXResourcesBuildPhase;
			buildActionMask = 2147483647;
			files = (
				63BB3F6A234CC12800755ED2 /* LaunchScreen.storyboard in Resources */,
				63BB3F67234CC12800755ED2 /* Assets.xcassets in Resources */,
				63BB3F65234CC12600755ED2 /* Main.storyboard in Resources */,
			);
			runOnlyForDeploymentPostprocessing = 0;
		};
/* End PBXResourcesBuildPhase section */

/* Begin PBXSourcesBuildPhase section */
		63BB3F58234CC12600755ED2 /* Sources */ = {
			isa = PBXSourcesBuildPhase;
			buildActionMask = 2147483647;
			files = (
				63BB3F62234CC12600755ED2 /* ViewController.swift in Sources */,
				63BB3F60234CC12600755ED2 /* AppDelegate.swift in Sources */,
				63BB3F72234CC15F00755ED2 /* UseDefaults.swift in Sources */,
			);
			runOnlyForDeploymentPostprocessing = 0;
		};
/* End PBXSourcesBuildPhase section */

/* Begin PBXVariantGroup section */
		63BB3F63234CC12600755ED2 /* Main.storyboard */ = {
			isa = PBXVariantGroup;
			children = (
				63BB3F64234CC12600755ED2 /* Base */,
			);
			name = Main.storyboard;
			sourceTree = "<group>";
		};
		63BB3F68234CC12800755ED2 /* LaunchScreen.storyboard */ = {
			isa = PBXVariantGroup;
			children = (
				63BB3F69234CC12800755ED2 /* Base */,
			);
			name = LaunchScreen.storyboard;
			sourceTree = "<group>";
		};
/* End PBXVariantGroup section */

/* Begin XCBuildConfiguration section */
		63BB3F6C234CC12800755ED2 /* Debug */ = {
			isa = XCBuildConfiguration;
			buildSettings = {
				ALWAYS_SEARCH_USER_PATHS = NO;
				CLANG_ANALYZER_NONNULL = YES;
				CLANG_ANALYZER_NUMBER_OBJECT_CONVERSION = YES_AGGRESSIVE;
				CLANG_CXX_LANGUAGE_STANDARD = "gnu++14";
				CLANG_CXX_LIBRARY = "libc++";
				CLANG_ENABLE_MODULES = YES;
				CLANG_ENABLE_OBJC_ARC = YES;
				CLANG_ENABLE_OBJC_WEAK = YES;
				CLANG_WARN_BLOCK_CAPTURE_AUTORELEASING = YES;
				CLANG_WARN_BOOL_CONVERSION = YES;
				CLANG_WARN_COMMA = YES;
				CLANG_WARN_CONSTANT_CONVERSION = YES;
				CLANG_WARN_DEPRECATED_OBJC_IMPLEMENTATIONS = YES;
				CLANG_WARN_DIRECT_OBJC_ISA_USAGE = YES_ERROR;
				CLANG_WARN_DOCUMENTATION_COMMENTS = YES;
				CLANG_WARN_EMPTY_BODY = YES;
				CLANG_WARN_ENUM_CONVERSION = YES;
				CLANG_WARN_INFINITE_RECURSION = YES;
				CLANG_WARN_INT_CONVERSION = YES;
				CLANG_WARN_NON_LITERAL_NULL_CONVERSION = YES;
				CLANG_WARN_OBJC_IMPLICIT_RETAIN_SELF = YES;
				CLANG_WARN_OBJC_LITERAL_CONVERSION = YES;
				CLANG_WARN_OBJC_ROOT_CLASS = YES_ERROR;
				CLANG_WARN_RANGE_LOOP_ANALYSIS = YES;
				CLANG_WARN_STRICT_PROTOTYPES = YES;
				CLANG_WARN_SUSPICIOUS_MOVE = YES;
				CLANG_WARN_UNGUARDED_AVAILABILITY = YES_AGGRESSIVE;
				CLANG_WARN_UNREACHABLE_CODE = YES;
				CLANG_WARN__DUPLICATE_METHOD_MATCH = YES;
				CODE_SIGN_IDENTITY = "iPhone Developer";
				COPY_PHASE_STRIP = NO;
				DEBUG_INFORMATION_FORMAT = dwarf;
				ENABLE_STRICT_OBJC_MSGSEND = YES;
				ENABLE_TESTABILITY = YES;
				GCC_C_LANGUAGE_STANDARD = gnu11;
				GCC_DYNAMIC_NO_PIC = NO;
				GCC_NO_COMMON_BLOCKS = YES;
				GCC_OPTIMIZATION_LEVEL = 0;
				GCC_PREPROCESSOR_DEFINITIONS = (
					"DEBUG=1",
					"$(inherited)",
				);
				GCC_WARN_64_TO_32_BIT_CONVERSION = YES;
				GCC_WARN_ABOUT_RETURN_TYPE = YES_ERROR;
				GCC_WARN_UNDECLARED_SELECTOR = YES;
				GCC_WARN_UNINITIALIZED_AUTOS = YES_AGGRESSIVE;
				GCC_WARN_UNUSED_FUNCTION = YES;
				GCC_WARN_UNUSED_VARIABLE = YES;
				IPHONEOS_DEPLOYMENT_TARGET = 12.4;
				MTL_ENABLE_DEBUG_INFO = INCLUDE_SOURCE;
				MTL_FAST_MATH = YES;
				ONLY_ACTIVE_ARCH = YES;
				SDKROOT = iphoneos;
				SWIFT_ACTIVE_COMPILATION_CONDITIONS = DEBUG;
				SWIFT_OPTIMIZATION_LEVEL = "-Onone";
			};
			name = Debug;
		};
		63BB3F6D234CC12800755ED2 /* Release */ = {
			isa = XCBuildConfiguration;
			buildSettings = {
				ALWAYS_SEARCH_USER_PATHS = NO;
				CLANG_ANALYZER_NONNULL = YES;
				CLANG_ANALYZER_NUMBER_OBJECT_CONVERSION = YES_AGGRESSIVE;
				CLANG_CXX_LANGUAGE_STANDARD = "gnu++14";
				CLANG_CXX_LIBRARY = "libc++";
				CLANG_ENABLE_MODULES = YES;
				CLANG_ENABLE_OBJC_ARC = YES;
				CLANG_ENABLE_OBJC_WEAK = YES;
				CLANG_WARN_BLOCK_CAPTURE_AUTORELEASING = YES;
				CLANG_WARN_BOOL_CONVERSION = YES;
				CLANG_WARN_COMMA = YES;
				CLANG_WARN_CONSTANT_CONVERSION = YES;
				CLANG_WARN_DEPRECATED_OBJC_IMPLEMENTATIONS = YES;
				CLANG_WARN_DIRECT_OBJC_ISA_USAGE = YES_ERROR;
				CLANG_WARN_DOCUMENTATION_COMMENTS = YES;
				CLANG_WARN_EMPTY_BODY = YES;
				CLANG_WARN_ENUM_CONVERSION = YES;
				CLANG_WARN_INFINITE_RECURSION = YES;
				CLANG_WARN_INT_CONVERSION = YES;
				CLANG_WARN_NON_LITERAL_NULL_CONVERSION = YES;
				CLANG_WARN_OBJC_IMPLICIT_RETAIN_SELF = YES;
				CLANG_WARN_OBJC_LITERAL_CONVERSION = YES;
				CLANG_WARN_OBJC_ROOT_CLASS = YES_ERROR;
				CLANG_WARN_RANGE_LOOP_ANALYSIS = YES;
				CLANG_WARN_STRICT_PROTOTYPES = YES;
				CLANG_WARN_SUSPICIOUS_MOVE = YES;
				CLANG_WARN_UNGUARDED_AVAILABILITY = YES_AGGRESSIVE;
				CLANG_WARN_UNREACHABLE_CODE = YES;
				CLANG_WARN__DUPLICATE_METHOD_MATCH = YES;
				CODE_SIGN_IDENTITY = "iPhone Developer";
				COPY_PHASE_STRIP = NO;
				DEBUG_INFORMATION_FORMAT = "dwarf-with-dsym";
				ENABLE_NS_ASSERTIONS = NO;
				ENABLE_STRICT_OBJC_MSGSEND = YES;
				GCC_C_LANGUAGE_STANDARD = gnu11;
				GCC_NO_COMMON_BLOCKS = YES;
				GCC_WARN_64_TO_32_BIT_CONVERSION = YES;
				GCC_WARN_ABOUT_RETURN_TYPE = YES_ERROR;
				GCC_WARN_UNDECLARED_SELECTOR = YES;
				GCC_WARN_UNINITIALIZED_AUTOS = YES_AGGRESSIVE;
				GCC_WARN_UNUSED_FUNCTION = YES;
				GCC_WARN_UNUSED_VARIABLE = YES;
				IPHONEOS_DEPLOYMENT_TARGET = 12.4;
				MTL_ENABLE_DEBUG_INFO = NO;
				MTL_FAST_MATH = YES;
				SDKROOT = iphoneos;
				SWIFT_COMPILATION_MODE = wholemodule;
				SWIFT_OPTIMIZATION_LEVEL = "-O";
				VALIDATE_PRODUCT = YES;
			};
			name = Release;
		};
		63BB3F6F234CC12800755ED2 /* Debug */ = {
			isa = XCBuildConfiguration;
			buildSettings = {
				ASSETCATALOG_COMPILER_APPICON_NAME = AppIcon;
				CODE_SIGN_STYLE = Automatic;
				DEVELOPMENT_TEAM = HK3JCX6MNH;
				INFOPLIST_FILE = HW_3_Generic_and_Errors/Info.plist;
				LD_RUNPATH_SEARCH_PATHS = (
					"$(inherited)",
					"@executable_path/Frameworks",
				);
				PRODUCT_BUNDLE_IDENTIFIER = "david.HW-3-Generic-and-Errors";
				PRODUCT_NAME = "$(TARGET_NAME)";
				SWIFT_VERSION = 5.0;
				TARGETED_DEVICE_FAMILY = "1,2";
			};
			name = Debug;
		};
		63BB3F70234CC12800755ED2 /* Release */ = {
			isa = XCBuildConfiguration;
			buildSettings = {
				ASSETCATALOG_COMPILER_APPICON_NAME = AppIcon;
				CODE_SIGN_STYLE = Automatic;
				DEVELOPMENT_TEAM = HK3JCX6MNH;
				INFOPLIST_FILE = HW_3_Generic_and_Errors/Info.plist;
				LD_RUNPATH_SEARCH_PATHS = (
					"$(inherited)",
					"@executable_path/Frameworks",
				);
				PRODUCT_BUNDLE_IDENTIFIER = "david.HW-3-Generic-and-Errors";
				PRODUCT_NAME = "$(TARGET_NAME)";
				SWIFT_VERSION = 5.0;
				TARGETED_DEVICE_FAMILY = "1,2";
			};
			name = Release;
		};
/* End XCBuildConfiguration section */

/* Begin XCConfigurationList section */
		63BB3F57234CC12600755ED2 /* Build configuration list for PBXProject "HW_3_Generic_and_Errors" */ = {
			isa = XCConfigurationList;
			buildConfigurations = (
				63BB3F6C234CC12800755ED2 /* Debug */,
				63BB3F6D234CC12800755ED2 /* Release */,
			);
			defaultConfigurationIsVisible = 0;
			defaultConfigurationName = Release;
		};
		63BB3F6E234CC12800755ED2 /* Build configuration list for PBXNativeTarget "HW_3_Generic_and_Errors" */ = {
			isa = XCConfigurationList;
			buildConfigurations = (
				63BB3F6F234CC12800755ED2 /* Debug */,
				63BB3F70234CC12800755ED2 /* Release */,
			);
			defaultConfigurationIsVisible = 0;
			defaultConfigurationName = Release;
		};
/* End XCConfigurationList section */
	};
	rootObject = 63BB3F54234CC12600755ED2 /* Project object */;
}
